
Microsoft Visual Studio Solution File, Format Version 12.00
# Visual Studio Version 17
VisualStudioVersion = 17.3.32929.385
MinimumVisualStudioVersion = 10.0.40219.1
Project("{FAE04EC0-301F-11D3-BF4B-00C04F79EFBC}") = "AssetManagementUltia.DTO", "AssetManagement.DTO\AssetManagementUltia.DTO.csproj", "{A18FCF3D-5E05-4267-B80B-7B94AC6E2D52}"
EndProject
Project("{FAE04EC0-301F-11D3-BF4B-00C04F79EFBC}") = "AssetManagmentUltia.UI", "AssetManagement.UI\AssetManagmentUltia.UI.csproj", "{AB7D63A4-8C46-461A-8953-8CE79B04238E}"
EndProject
Project("{FAE04EC0-301F-11D3-BF4B-00C04F79EFBC}") = "AssetManagementUltia.Provider", "AssetManagement.Provider\AssetManagementUltia.Provider.csproj", "{6449F0B1-8537-41D5-8671-AF01D29EB8B1}"
EndProject
Project("{FAE04EC0-301F-11D3-BF4B-00C04F79EFBC}") = "AssetManagementUltia.DAL", "AssetManagement.DAL\AssetManagementUltia.DAL.csproj", "{2AC03915-25FB-4340-976F-E6865BABA67F}"
EndProject
Project("{FAE04EC0-301F-11D3-BF4B-00C04F79EFBC}") = "AssetManagementUltia.PublicValidate", "AssetManagement.Extensions\AssetManagementUltia.PublicValidate.csproj", "{44667696-C80C-413E-AB67-A531A5589B66}"
EndProject
Global
	GlobalSection(SolutionConfigurationPlatforms) = preSolution
		Debug|Any CPU = Debug|Any CPU
		Release|Any CPU = Release|Any CPU
	EndGlobalSection
	GlobalSection(ProjectConfigurationPlatforms) = postSolution
		{A18FCF3D-5E05-4267-B80B-7B94AC6E2D52}.Debug|Any CPU.ActiveCfg = Debug|Any CPU
		{A18FCF3D-5E05-4267-B80B-7B94AC6E2D52}.Debug|Any CPU.Build.0 = Debug|Any CPU
		{A18FCF3D-5E05-4267-B80B-7B94AC6E2D52}.Release|Any CPU.ActiveCfg = Release|Any CPU
		{A18FCF3D-5E05-4267-B80B-7B94AC6E2D52}.Release|Any CPU.Build.0 = Release|Any CPU
		{AB7D63A4-8C46-461A-8953-8CE79B04238E}.Debug|Any CPU.ActiveCfg = Debug|Any CPU
		{AB7D63A4-8C46-461A-8953-8CE79B04238E}.Debug|Any CPU.Build.0 = Debug|Any CPU
		{AB7D63A4-8C46-461A-8953-8CE79B04238E}.Release|Any CPU.ActiveCfg = Release|Any CPU
		{AB7D63A4-8C46-461A-8953-8CE79B04238E}.Release|Any CPU.Build.0 = Release|Any CPU
		{6449F0B1-8537-41D5-8671-AF01D29EB8B1}.Debug|Any CPU.ActiveCfg = Debug|Any CPU
		{6449F0B1-8537-41D5-8671-AF01D29EB8B1}.Debug|Any CPU.Build.0 = Debug|Any CPU
		{6449F0B1-8537-41D5-8671-AF01D29EB8B1}.Release|Any CPU.ActiveCfg = Release|Any CPU
		{6449F0B1-8537-41D5-8671-AF01D29EB8B1}.Release|Any CPU.Build.0 = Release|Any CPU
		{2AC03915-25FB-4340-976F-E6865BABA67F}.Debug|Any CPU.ActiveCfg = Debug|Any CPU
		{2AC03915-25FB-4340-976F-E6865BABA67F}.Debug|Any CPU.Build.0 = Debug|Any CPU
		{2AC03915-25FB-4340-976F-E6865BABA67F}.Release|Any CPU.ActiveCfg = Release|Any CPU
		{2AC03915-25FB-4340-976F-E6865BABA67F}.Release|Any CPU.Build.0 = Release|Any CPU
		{44667696-C80C-413E-AB67-A531A5589B66}.Debug|Any CPU.ActiveCfg = Debug|Any CPU
		{44667696-C80C-413E-AB67-A531A5589B66}.Debug|Any CPU.Build.0 = Debug|Any CPU
		{44667696-C80C-413E-AB67-A531A5589B66}.Release|Any CPU.ActiveCfg = Release|Any CPU
		{44667696-C80C-413E-AB67-A531A5589B66}.Release|Any CPU.Build.0 = Release|Any CPU
	EndGlobalSection
	GlobalSection(SolutionProperties) = preSolution
		HideSolutionNode = FALSE
	EndGlobalSection
	GlobalSection(ExtensibilityGlobals) = postSolution
		SolutionGuid = {92CA9CAD-2DFF-49EB-9A5B-14AEC8042A07}
	EndGlobalSection
EndGlobal
